
Microsoft Visual Studio Solution File, Format Version 12.00
# Visual Studio 2012
Project("{FAE04EC0-301F-11D3-BF4B-00C04F79EFBC}") = "LegoDriver", "LegoDriver.csproj", "{A3779B0C-E65F-4A50-B768-838608D52983}"
EndProject
Global
	GlobalSection(SolutionConfigurationPlatforms) = preSolution
		Debug|Any CPU = Debug|Any CPU
		Release|Any CPU = Release|Any CPU
	EndGlobalSection
	GlobalSection(ProjectConfigurationPlatforms) = postSolution
		{A3779B0C-E65F-4A50-B768-838608D52983}.Debug|Any CPU.ActiveCfg = Debug|Any CPU
		{A3779B0C-E65F-4A50-B768-838608D52983}.Debug|Any CPU.Build.0 = Debug|Any CPU
		{A3779B0C-E65F-4A50-B768-838608D52983}.Release|Any CPU.ActiveCfg = Release|Any CPU
		{A3779B0C-E65F-4A50-B768-838608D52983}.Release|Any CPU.Build.0 = Release|Any CPU
	EndGlobalSection
	GlobalSection(SolutionProperties) = preSolution
		HideSolutionNode = FALSE
	EndGlobalSection
EndGlobal
